
Microsoft Visual Studio Solution File, Format Version 12.00
# Visual Studio 15
VisualStudioVersion = 15.0.28307.705
MinimumVisualStudioVersion = 10.0.40219.1
Project("{FAE04EC0-301F-11D3-BF4B-00C04F79EFBC}") = "ServerWithFile", "ServerWithFile\ServerWithFile.csproj", "{03156FDE-55D4-46F1-A6CD-28889A85E4CA}"
EndProject
Global
	GlobalSection(SolutionConfigurationPlatforms) = preSolution
		Debug|Any CPU = Debug|Any CPU
		Release|Any CPU = Release|Any CPU
	EndGlobalSection
	GlobalSection(ProjectConfigurationPlatforms) = postSolution
		{03156FDE-55D4-46F1-A6CD-28889A85E4CA}.Debug|Any CPU.ActiveCfg = Debug|Any CPU
		{03156FDE-55D4-46F1-A6CD-28889A85E4CA}.Debug|Any CPU.Build.0 = Debug|Any CPU
		{03156FDE-55D4-46F1-A6CD-28889A85E4CA}.Release|Any CPU.ActiveCfg = Release|Any CPU
		{03156FDE-55D4-46F1-A6CD-28889A85E4CA}.Release|Any CPU.Build.0 = Release|Any CPU
	EndGlobalSection
	GlobalSection(SolutionProperties) = preSolution
		HideSolutionNode = FALSE
	EndGlobalSection
	GlobalSection(ExtensibilityGlobals) = postSolution
		SolutionGuid = {A975578D-0D01-46C2-A242-5E79CA331ACE}
	EndGlobalSection
EndGlobal
